
Microsoft Visual Studio Solution File, Format Version 12.00
# Visual Studio Version 17
VisualStudioVersion = 17.0.31903.59
MinimumVisualStudioVersion = 10.0.40219.1
Project("{2150E333-8FDC-42A3-9474-1A3956D46DE8}") = "Server", "Server", "{DAD03CFC-D5FA-AC94-41C7-9ABAB326F09E}"
EndProject
Project("{FAE04EC0-301F-11D3-BF4B-00C04F79EFBC}") = "EdgeLinkServer", "Server\EdgeLinkServer.csproj", "{A89D4E33-BC6A-40C0-AEEB-9523706C4F65}"
EndProject
Project("{FAE04EC0-301F-11D3-BF4B-00C04F79EFBC}") = "Server.Tests", "Server.Tests\Server.Tests.csproj", "{BBA5BEB6-0418-4937-B4C3-2D2E35E83473}"
EndProject
Project("{2150E333-8FDC-42A3-9474-1A3956D46DE8}") = "SDK", "SDK", "{FF13A09E-0E72-1904-124B-A4E979EF28D3}"
EndProject
Project("{2150E333-8FDC-42A3-9474-1A3956D46DE8}") = "CSharp.Tests", "CSharp.Tests", "{A996149E-9C5D-1D33-00D3-68E6DC86ED70}"
EndProject
Project("{FAE04EC0-301F-11D3-BF4B-00C04F79EFBC}") = "EdgeLink.Sdk.Tests", "SDK\CSharp.Tests\EdgeLink.Sdk.Tests.csproj", "{084057B5-76A7-43BB-ABA4-F62AB42F61F3}"
EndProject
Project("{2150E333-8FDC-42A3-9474-1A3956D46DE8}") = "CSharp", "CSharp", "{455910FC-CC9B-244E-E3A8-78E8113461FC}"
EndProject
Project("{FAE04EC0-301F-11D3-BF4B-00C04F79EFBC}") = "EdgeLink", "SDK\CSharp\EdgeLink.csproj", "{FCDEACC6-41C8-4024-A3CC-D570F425B8DE}"
EndProject
Global
	GlobalSection(SolutionConfigurationPlatforms) = preSolution
		Debug|Any CPU = Debug|Any CPU
		Debug|x64 = Debug|x64
		Debug|x86 = Debug|x86
		Release|Any CPU = Release|Any CPU
		Release|x64 = Release|x64
		Release|x86 = Release|x86
	EndGlobalSection
	GlobalSection(ProjectConfigurationPlatforms) = postSolution
		{A89D4E33-BC6A-40C0-AEEB-9523706C4F65}.Debug|Any CPU.ActiveCfg = Debug|Any CPU
		{A89D4E33-BC6A-40C0-AEEB-9523706C4F65}.Debug|Any CPU.Build.0 = Debug|Any CPU
		{A89D4E33-BC6A-40C0-AEEB-9523706C4F65}.Debug|x64.ActiveCfg = Debug|Any CPU
		{A89D4E33-BC6A-40C0-AEEB-9523706C4F65}.Debug|x64.Build.0 = Debug|Any CPU
		{A89D4E33-BC6A-40C0-AEEB-9523706C4F65}.Debug|x86.ActiveCfg = Debug|Any CPU
		{A89D4E33-BC6A-40C0-AEEB-9523706C4F65}.Debug|x86.Build.0 = Debug|Any CPU
		{A89D4E33-BC6A-40C0-AEEB-9523706C4F65}.Release|Any CPU.ActiveCfg = Release|Any CPU
		{A89D4E33-BC6A-40C0-AEEB-9523706C4F65}.Release|Any CPU.Build.0 = Release|Any CPU
		{A89D4E33-BC6A-40C0-AEEB-9523706C4F65}.Release|x64.ActiveCfg = Release|Any CPU
		{A89D4E33-BC6A-40C0-AEEB-9523706C4F65}.Release|x64.Build.0 = Release|Any CPU
		{A89D4E33-BC6A-40C0-AEEB-9523706C4F65}.Release|x86.ActiveCfg = Release|Any CPU
		{A89D4E33-BC6A-40C0-AEEB-9523706C4F65}.Release|x86.Build.0 = Release|Any CPU
		{BBA5BEB6-0418-4937-B4C3-2D2E35E83473}.Debug|Any CPU.ActiveCfg = Debug|Any CPU
		{BBA5BEB6-0418-4937-B4C3-2D2E35E83473}.Debug|Any CPU.Build.0 = Debug|Any CPU
		{BBA5BEB6-0418-4937-B4C3-2D2E35E83473}.Debug|x64.ActiveCfg = Debug|Any CPU
		{BBA5BEB6-0418-4937-B4C3-2D2E35E83473}.Debug|x64.Build.0 = Debug|Any CPU
		{BBA5BEB6-0418-4937-B4C3-2D2E35E83473}.Debug|x86.ActiveCfg = Debug|Any CPU
		{BBA5BEB6-0418-4937-B4C3-2D2E35E83473}.Debug|x86.Build.0 = Debug|Any CPU
		{BBA5BEB6-0418-4937-B4C3-2D2E35E83473}.Release|Any CPU.ActiveCfg = Release|Any CPU
		{BBA5BEB6-0418-4937-B4C3-2D2E35E83473}.Release|Any CPU.Build.0 = Release|Any CPU
		{BBA5BEB6-0418-4937-B4C3-2D2E35E83473}.Release|x64.ActiveCfg = Release|Any CPU
		{BBA5BEB6-0418-4937-B4C3-2D2E35E83473}.Release|x64.Build.0 = Release|Any CPU
		{BBA5BEB6-0418-4937-B4C3-2D2E35E83473}.Release|x86.ActiveCfg = Release|Any CPU
		{BBA5BEB6-0418-4937-B4C3-2D2E35E83473}.Release|x86.Build.0 = Release|Any CPU
		{084057B5-76A7-43BB-ABA4-F62AB42F61F3}.Debug|Any CPU.ActiveCfg = Debug|Any CPU
		{084057B5-76A7-43BB-ABA4-F62AB42F61F3}.Debug|Any CPU.Build.0 = Debug|Any CPU
		{084057B5-76A7-43BB-ABA4-F62AB42F61F3}.Debug|x64.ActiveCfg = Debug|Any CPU
		{084057B5-76A7-43BB-ABA4-F62AB42F61F3}.Debug|x64.Build.0 = Debug|Any CPU
		{084057B5-76A7-43BB-ABA4-F62AB42F61F3}.Debug|x86.ActiveCfg = Debug|Any CPU
		{084057B5-76A7-43BB-ABA4-F62AB42F61F3}.Debug|x86.Build.0 = Debug|Any CPU
		{084057B5-76A7-43BB-ABA4-F62AB42F61F3}.Release|Any CPU.ActiveCfg = Release|Any CPU
		{084057B5-76A7-43BB-ABA4-F62AB42F61F3}.Release|Any CPU.Build.0 = Release|Any CPU
		{084057B5-76A7-43BB-ABA4-F62AB42F61F3}.Release|x64.ActiveCfg = Release|Any CPU
		{084057B5-76A7-43BB-ABA4-F62AB42F61F3}.Release|x64.Build.0 = Release|Any CPU
		{084057B5-76A7-43BB-ABA4-F62AB42F61F3}.Release|x86.ActiveCfg = Release|Any CPU
		{084057B5-76A7-43BB-ABA4-F62AB42F61F3}.Release|x86.Build.0 = Release|Any CPU
		{FCDEACC6-41C8-4024-A3CC-D570F425B8DE}.Debug|Any CPU.ActiveCfg = Debug|Any CPU
		{FCDEACC6-41C8-4024-A3CC-D570F425B8DE}.Debug|Any CPU.Build.0 = Debug|Any CPU
		{FCDEACC6-41C8-4024-A3CC-D570F425B8DE}.Debug|x64.ActiveCfg = Debug|Any CPU
		{FCDEACC6-41C8-4024-A3CC-D570F425B8DE}.Debug|x64.Build.0 = Debug|Any CPU
		{FCDEACC6-41C8-4024-A3CC-D570F425B8DE}.Debug|x86.ActiveCfg = Debug|Any CPU
		{FCDEACC6-41C8-4024-A3CC-D570F425B8DE}.Debug|x86.Build.0 = Debug|Any CPU
		{FCDEACC6-41C8-4024-A3CC-D570F425B8DE}.Release|Any CPU.ActiveCfg = Release|Any CPU
		{FCDEACC6-41C8-4024-A3CC-D570F425B8DE}.Release|Any CPU.Build.0 = Release|Any CPU
		{FCDEACC6-41C8-4024-A3CC-D570F425B8DE}.Release|x64.ActiveCfg = Release|Any CPU
		{FCDEACC6-41C8-4024-A3CC-D570F425B8DE}.Release|x64.Build.0 = Release|Any CPU
		{FCDEACC6-41C8-4024-A3CC-D570F425B8DE}.Release|x86.ActiveCfg = Release|Any CPU
		{FCDEACC6-41C8-4024-A3CC-D570F425B8DE}.Release|x86.Build.0 = Release|Any CPU
	EndGlobalSection
	GlobalSection(SolutionProperties) = preSolution
		HideSolutionNode = FALSE
	EndGlobalSection
	GlobalSection(NestedProjects) = preSolution
		{A89D4E33-BC6A-40C0-AEEB-9523706C4F65} = {DAD03CFC-D5FA-AC94-41C7-9ABAB326F09E}
		{A996149E-9C5D-1D33-00D3-68E6DC86ED70} = {FF13A09E-0E72-1904-124B-A4E979EF28D3}
		{084057B5-76A7-43BB-ABA4-F62AB42F61F3} = {A996149E-9C5D-1D33-00D3-68E6DC86ED70}
		{455910FC-CC9B-244E-E3A8-78E8113461FC} = {FF13A09E-0E72-1904-124B-A4E979EF28D3}
		{FCDEACC6-41C8-4024-A3CC-D570F425B8DE} = {455910FC-CC9B-244E-E3A8-78E8113461FC}
	EndGlobalSection
EndGlobal
